
Microsoft Visual Studio Solution File, Format Version 12.00
# Visual Studio 14
VisualStudioVersion = 14.0.25420.1
MinimumVisualStudioVersion = 10.0.40219.1
Project("{FAE04EC0-301F-11D3-BF4B-00C04F79EFBC}") = "BrewBot.Tests", "UnitTests\BrewBot.Tests.csproj", "{97DF6E93-5376-462D-AA86-A0CDB05D153F}"
EndProject
Project("{FAE04EC0-301F-11D3-BF4B-00C04F79EFBC}") = "BrewBot", "BrewBot\BrewBot.csproj", "{FE0780F4-9ACF-42EA-924F-6962CFD6EEED}"
EndProject
Global
	GlobalSection(SolutionConfigurationPlatforms) = preSolution
		Debug|Any CPU = Debug|Any CPU
		Release|Any CPU = Release|Any CPU
	EndGlobalSection
	GlobalSection(ProjectConfigurationPlatforms) = postSolution
		{97DF6E93-5376-462D-AA86-A0CDB05D153F}.Debug|Any CPU.ActiveCfg = Debug|Any CPU
		{97DF6E93-5376-462D-AA86-A0CDB05D153F}.Debug|Any CPU.Build.0 = Debug|Any CPU
		{97DF6E93-5376-462D-AA86-A0CDB05D153F}.Release|Any CPU.ActiveCfg = Release|Any CPU
		{97DF6E93-5376-462D-AA86-A0CDB05D153F}.Release|Any CPU.Build.0 = Release|Any CPU
		{FE0780F4-9ACF-42EA-924F-6962CFD6EEED}.Debug|Any CPU.ActiveCfg = Debug|Any CPU
		{FE0780F4-9ACF-42EA-924F-6962CFD6EEED}.Debug|Any CPU.Build.0 = Debug|Any CPU
		{FE0780F4-9ACF-42EA-924F-6962CFD6EEED}.Release|Any CPU.ActiveCfg = Release|Any CPU
		{FE0780F4-9ACF-42EA-924F-6962CFD6EEED}.Release|Any CPU.Build.0 = Release|Any CPU
	EndGlobalSection
	GlobalSection(SolutionProperties) = preSolution
		HideSolutionNode = FALSE
	EndGlobalSection
EndGlobal
